// !$*UTF8*$!
{
	archiveVersion = 1;
	classes = {
	};
	objectVersion = 50;
	objects = {

/* Begin PBXBuildFile section */
		24922980F6916EFA0BCFAF4C /* Pods_hotnonoTests.framework in Frameworks */ = {isa = PBXBuildFile; fileRef = D38817FF4B137B16222F2967 /* Pods_hotnonoTests.framework */; };
		507AB5A3B89AE3D4E0C653AE /* Pods_hotnono.framework in Frameworks */ = {isa = PBXBuildFile; fileRef = 945FA798FF0D2E22F8413186 /* Pods_hotnono.framework */; };
		5C0758FB21142DD8005F9143 /* AppDelegate.swift in Sources */ = {isa = PBXBuildFile; fileRef = 5C0758FA21142DD8005F9143 /* AppDelegate.swift */; };
		5C0758FD21142DD8005F9143 /* MainViewController.swift in Sources */ = {isa = PBXBuildFile; fileRef = 5C0758FC21142DD8005F9143 /* MainViewController.swift */; };
		5C07590021142DD8005F9143 /* Main.storyboard in Resources */ = {isa = PBXBuildFile; fileRef = 5C0758FE21142DD8005F9143 /* Main.storyboard */; };
		5C07590221142DD8005F9143 /* Assets.xcassets in Resources */ = {isa = PBXBuildFile; fileRef = 5C07590121142DD8005F9143 /* Assets.xcassets */; };
		5C07590521142DD8005F9143 /* LaunchScreen.storyboard in Resources */ = {isa = PBXBuildFile; fileRef = 5C07590321142DD8005F9143 /* LaunchScreen.storyboard */; };
		5C07591021142DD8005F9143 /* hotnonoTests.swift in Sources */ = {isa = PBXBuildFile; fileRef = 5C07590F21142DD8005F9143 /* hotnonoTests.swift */; };
		5C07591B21142DD8005F9143 /* hotnonoUITests.swift in Sources */ = {isa = PBXBuildFile; fileRef = 5C07591A21142DD8005F9143 /* hotnonoUITests.swift */; };
		5C6CE106211D673F00AB03EC /* PlayGroundView.swift in Sources */ = {isa = PBXBuildFile; fileRef = 5C6CE105211D673F00AB03EC /* PlayGroundView.swift */; };
		5C6CE10C211D6CFC00AB03EC /* RxEvent.swift in Sources */ = {isa = PBXBuildFile; fileRef = 5C6CE10B211D6CFC00AB03EC /* RxEvent.swift */; };
		5C8680B3211BD104008CC1C2 /* PlayViewController.swift in Sources */ = {isa = PBXBuildFile; fileRef = 5C8680B2211BD104008CC1C2 /* PlayViewController.swift */; };
		5C8680B5211C321A008CC1C2 /* SplashViewController.swift in Sources */ = {isa = PBXBuildFile; fileRef = 5C8680B4211C321A008CC1C2 /* SplashViewController.swift */; };
		5CA15F8A211B1B8E00911555 /* ReadyViewController.swift in Sources */ = {isa = PBXBuildFile; fileRef = 5CA15F89211B1B8E00911555 /* ReadyViewController.swift */; };
		5CA15F8C211BCD2200911555 /* PopupView.xib in Resources */ = {isa = PBXBuildFile; fileRef = 5CA15F8B211BCD2200911555 /* PopupView.xib */; };
		5CA15F8E211BCD4300911555 /* PopupView.swift in Sources */ = {isa = PBXBuildFile; fileRef = 5CA15F8D211BCD4300911555 /* PopupView.swift */; };
		5CD039F4211C9309004C91F8 /* MaterialDesignUtil.swift in Sources */ = {isa = PBXBuildFile; fileRef = 5CD039F3211C9309004C91F8 /* MaterialDesignUtil.swift */; };
		5CD9A2C32114593F0044FA91 /* FBAnalyticsHelper.swift in Sources */ = {isa = PBXBuildFile; fileRef = 5CD9A2C22114593F0044FA91 /* FBAnalyticsHelper.swift */; };
		5CD9A2C52114595A0044FA91 /* FBAdModHelper.swift in Sources */ = {isa = PBXBuildFile; fileRef = 5CD9A2C42114595A0044FA91 /* FBAdModHelper.swift */; };
		5CD9A2C7211459790044FA91 /* FBMessagingHelper.swift in Sources */ = {isa = PBXBuildFile; fileRef = 5CD9A2C6211459790044FA91 /* FBMessagingHelper.swift */; };
		5CD9A2C9211459850044FA91 /* FBDatabaseHelper.swift in Sources */ = {isa = PBXBuildFile; fileRef = 5CD9A2C8211459850044FA91 /* FBDatabaseHelper.swift */; };
		5CD9A2CB211459900044FA91 /* FBDynamicLinkHelper.swift in Sources */ = {isa = PBXBuildFile; fileRef = 5CD9A2CA211459900044FA91 /* FBDynamicLinkHelper.swift */; };
		5CD9A2CD2114599C0044FA91 /* FBCrashlyticsHelper.swift in Sources */ = {isa = PBXBuildFile; fileRef = 5CD9A2CC2114599C0044FA91 /* FBCrashlyticsHelper.swift */; };
		5CD9A2CF211459A70044FA91 /* FBRemoteConfigHelper.swift in Sources */ = {isa = PBXBuildFile; fileRef = 5CD9A2CE211459A70044FA91 /* FBRemoteConfigHelper.swift */; };
		5CD9A2D1211459D30044FA91 /* FBAuthenticationHelper.swift in Sources */ = {isa = PBXBuildFile; fileRef = 5CD9A2D0211459D30044FA91 /* FBAuthenticationHelper.swift */; };
		5CD9A2D3211459F20044FA91 /* FBStorageHelper.swift in Sources */ = {isa = PBXBuildFile; fileRef = 5CD9A2D2211459F20044FA91 /* FBStorageHelper.swift */; };
		5CD9A2D5211459FE0044FA91 /* FBPerformanceHelper.swift in Sources */ = {isa = PBXBuildFile; fileRef = 5CD9A2D4211459FE0044FA91 /* FBPerformanceHelper.swift */; };
		5CD9A2D721145A0C0044FA91 /* FBFirestoreHelper.swift in Sources */ = {isa = PBXBuildFile; fileRef = 5CD9A2D621145A0C0044FA91 /* FBFirestoreHelper.swift */; };
		5CD9A2D921145A290044FA91 /* FBFunctionsHelper.swift in Sources */ = {isa = PBXBuildFile; fileRef = 5CD9A2D821145A290044FA91 /* FBFunctionsHelper.swift */; };
		5CD9A2DF21145D600044FA91 /* CommonActionBar.swift in Sources */ = {isa = PBXBuildFile; fileRef = 5CD9A2DE21145D600044FA91 /* CommonActionBar.swift */; };
		5CD9A2E121145D7D0044FA91 /* CommonActionBar.xib in Resources */ = {isa = PBXBuildFile; fileRef = 5CD9A2E021145D7D0044FA91 /* CommonActionBar.xib */; };
		5CDFE1DD2119A8A2002220E3 /* GoogleService-Info.plist in Resources */ = {isa = PBXBuildFile; fileRef = 5CDFE1DC2119A8A1002220E3 /* GoogleService-Info.plist */; };
		5CF5589E211462D300DC196C /* BaseViewController.swift in Sources */ = {isa = PBXBuildFile; fileRef = 5CF5589D211462D300DC196C /* BaseViewController.swift */; };
		5CFF74012129A32300536C67 /* RoomDocument.swift in Sources */ = {isa = PBXBuildFile; fileRef = 5CFF74002129A32300536C67 /* RoomDocument.swift */; };
		6B90B2CB2120639400FE5581 /* PlayModel.swift in Sources */ = {isa = PBXBuildFile; fileRef = 6B90B2CA2120639400FE5581 /* PlayModel.swift */; };
		E4C7745ACFEF5D79139AFE7D /* Pods_hotnonoUITests.framework in Frameworks */ = {isa = PBXBuildFile; fileRef = C79921428874AF8839C5B4E4 /* Pods_hotnonoUITests.framework */; };
		E551977C211D8AD0003774ED /* RoomMemberInfo.swift in Sources */ = {isa = PBXBuildFile; fileRef = E551977B211D8AD0003774ED /* RoomMemberInfo.swift */; };
/* End PBXBuildFile section */

/* Begin PBXContainerItemProxy section */
		5C07590C21142DD8005F9143 /* PBXContainerItemProxy */ = {
			isa = PBXContainerItemProxy;
			containerPortal = 5C0758EF21142DD7005F9143 /* Project object */;
			proxyType = 1;
			remoteGlobalIDString = 5C0758F621142DD7005F9143;
			remoteInfo = hotnono;
		};
		5C07591721142DD8005F9143 /* PBXContainerItemProxy */ = {
			isa = PBXContainerItemProxy;
			containerPortal = 5C0758EF21142DD7005F9143 /* Project object */;
			proxyType = 1;
			remoteGlobalIDString = 5C0758F621142DD7005F9143;
			remoteInfo = hotnono;
		};
/* End PBXContainerItemProxy section */

/* Begin PBXFileReference section */
		4C93444551DBB45D8498A06A /* Pods-hotnono.release.xcconfig */ = {isa = PBXFileReference; includeInIndex = 1; lastKnownFileType = text.xcconfig; name = "Pods-hotnono.release.xcconfig"; path = "Pods/Target Support Files/Pods-hotnono/Pods-hotnono.release.xcconfig"; sourceTree = "<group>"; };
		5C0758F721142DD7005F9143 /* hotnono.app */ = {isa = PBXFileReference; explicitFileType = wrapper.application; includeInIndex = 0; path = hotnono.app; sourceTree = BUILT_PRODUCTS_DIR; };
		5C0758FA21142DD8005F9143 /* AppDelegate.swift */ = {isa = PBXFileReference; lastKnownFileType = sourcecode.swift; path = AppDelegate.swift; sourceTree = "<group>"; };
		5C0758FC21142DD8005F9143 /* MainViewController.swift */ = {isa = PBXFileReference; lastKnownFileType = sourcecode.swift; path = MainViewController.swift; sourceTree = "<group>"; };
		5C0758FF21142DD8005F9143 /* Base */ = {isa = PBXFileReference; lastKnownFileType = file.storyboard; name = Base; path = Base.lproj/Main.storyboard; sourceTree = "<group>"; };
		5C07590121142DD8005F9143 /* Assets.xcassets */ = {isa = PBXFileReference; lastKnownFileType = folder.assetcatalog; path = Assets.xcassets; sourceTree = "<group>"; };
		5C07590421142DD8005F9143 /* Base */ = {isa = PBXFileReference; lastKnownFileType = file.storyboard; name = Base; path = Base.lproj/LaunchScreen.storyboard; sourceTree = "<group>"; };
		5C07590621142DD8005F9143 /* Info.plist */ = {isa = PBXFileReference; lastKnownFileType = text.plist.xml; path = Info.plist; sourceTree = "<group>"; };
		5C07590B21142DD8005F9143 /* hotnonoTests.xctest */ = {isa = PBXFileReference; explicitFileType = wrapper.cfbundle; includeInIndex = 0; path = hotnonoTests.xctest; sourceTree = BUILT_PRODUCTS_DIR; };
		5C07590F21142DD8005F9143 /* hotnonoTests.swift */ = {isa = PBXFileReference; lastKnownFileType = sourcecode.swift; path = hotnonoTests.swift; sourceTree = "<group>"; };
		5C07591121142DD8005F9143 /* Info.plist */ = {isa = PBXFileReference; lastKnownFileType = text.plist.xml; path = Info.plist; sourceTree = "<group>"; };
		5C07591621142DD8005F9143 /* hotnonoUITests.xctest */ = {isa = PBXFileReference; explicitFileType = wrapper.cfbundle; includeInIndex = 0; path = hotnonoUITests.xctest; sourceTree = BUILT_PRODUCTS_DIR; };
		5C07591A21142DD8005F9143 /* hotnonoUITests.swift */ = {isa = PBXFileReference; lastKnownFileType = sourcecode.swift; path = hotnonoUITests.swift; sourceTree = "<group>"; };
		5C07591C21142DD8005F9143 /* Info.plist */ = {isa = PBXFileReference; lastKnownFileType = text.plist.xml; path = Info.plist; sourceTree = "<group>"; };
		5C6CE105211D673F00AB03EC /* PlayGroundView.swift */ = {isa = PBXFileReference; lastKnownFileType = sourcecode.swift; path = PlayGroundView.swift; sourceTree = "<group>"; };
		5C6CE10B211D6CFC00AB03EC /* RxEvent.swift */ = {isa = PBXFileReference; lastKnownFileType = sourcecode.swift; path = RxEvent.swift; sourceTree = "<group>"; };
		5C8680B2211BD104008CC1C2 /* PlayViewController.swift */ = {isa = PBXFileReference; lastKnownFileType = sourcecode.swift; path = PlayViewController.swift; sourceTree = "<group>"; };
		5C8680B4211C321A008CC1C2 /* SplashViewController.swift */ = {isa = PBXFileReference; lastKnownFileType = sourcecode.swift; path = SplashViewController.swift; sourceTree = "<group>"; };
		5CA15F89211B1B8E00911555 /* ReadyViewController.swift */ = {isa = PBXFileReference; lastKnownFileType = sourcecode.swift; path = ReadyViewController.swift; sourceTree = "<group>"; };
		5CA15F8B211BCD2200911555 /* PopupView.xib */ = {isa = PBXFileReference; lastKnownFileType = file.xib; path = PopupView.xib; sourceTree = "<group>"; };
		5CA15F8D211BCD4300911555 /* PopupView.swift */ = {isa = PBXFileReference; lastKnownFileType = sourcecode.swift; path = PopupView.swift; sourceTree = "<group>"; };
		5CD039F3211C9309004C91F8 /* MaterialDesignUtil.swift */ = {isa = PBXFileReference; lastKnownFileType = sourcecode.swift; path = MaterialDesignUtil.swift; sourceTree = "<group>"; };
		5CD9A2C22114593F0044FA91 /* FBAnalyticsHelper.swift */ = {isa = PBXFileReference; lastKnownFileType = sourcecode.swift; path = FBAnalyticsHelper.swift; sourceTree = "<group>"; };
		5CD9A2C42114595A0044FA91 /* FBAdModHelper.swift */ = {isa = PBXFileReference; lastKnownFileType = sourcecode.swift; path = FBAdModHelper.swift; sourceTree = "<group>"; };
		5CD9A2C6211459790044FA91 /* FBMessagingHelper.swift */ = {isa = PBXFileReference; lastKnownFileType = sourcecode.swift; path = FBMessagingHelper.swift; sourceTree = "<group>"; };
		5CD9A2C8211459850044FA91 /* FBDatabaseHelper.swift */ = {isa = PBXFileReference; lastKnownFileType = sourcecode.swift; path = FBDatabaseHelper.swift; sourceTree = "<group>"; };
		5CD9A2CA211459900044FA91 /* FBDynamicLinkHelper.swift */ = {isa = PBXFileReference; lastKnownFileType = sourcecode.swift; path = FBDynamicLinkHelper.swift; sourceTree = "<group>"; };
		5CD9A2CC2114599C0044FA91 /* FBCrashlyticsHelper.swift */ = {isa = PBXFileReference; lastKnownFileType = sourcecode.swift; path = FBCrashlyticsHelper.swift; sourceTree = "<group>"; };
		5CD9A2CE211459A70044FA91 /* FBRemoteConfigHelper.swift */ = {isa = PBXFileReference; lastKnownFileType = sourcecode.swift; path = FBRemoteConfigHelper.swift; sourceTree = "<group>"; };
		5CD9A2D0211459D30044FA91 /* FBAuthenticationHelper.swift */ = {isa = PBXFileReference; lastKnownFileType = sourcecode.swift; path = FBAuthenticationHelper.swift; sourceTree = "<group>"; };
		5CD9A2D2211459F20044FA91 /* FBStorageHelper.swift */ = {isa = PBXFileReference; lastKnownFileType = sourcecode.swift; path = FBStorageHelper.swift; sourceTree = "<group>"; };
		5CD9A2D4211459FE0044FA91 /* FBPerformanceHelper.swift */ = {isa = PBXFileReference; lastKnownFileType = sourcecode.swift; path = FBPerformanceHelper.swift; sourceTree = "<group>"; };
		5CD9A2D621145A0C0044FA91 /* FBFirestoreHelper.swift */ = {isa = PBXFileReference; lastKnownFileType = sourcecode.swift; path = FBFirestoreHelper.swift; sourceTree = "<group>"; };
		5CD9A2D821145A290044FA91 /* FBFunctionsHelper.swift */ = {isa = PBXFileReference; lastKnownFileType = sourcecode.swift; path = FBFunctionsHelper.swift; sourceTree = "<group>"; };
		5CD9A2DE21145D600044FA91 /* CommonActionBar.swift */ = {isa = PBXFileReference; lastKnownFileType = sourcecode.swift; path = CommonActionBar.swift; sourceTree = "<group>"; };
		5CD9A2E021145D7D0044FA91 /* CommonActionBar.xib */ = {isa = PBXFileReference; lastKnownFileType = file.xib; path = CommonActionBar.xib; sourceTree = "<group>"; };
		5CDFE1DC2119A8A1002220E3 /* GoogleService-Info.plist */ = {isa = PBXFileReference; fileEncoding = 4; lastKnownFileType = text.plist.xml; path = "GoogleService-Info.plist"; sourceTree = "<group>"; };
		5CF5589D211462D300DC196C /* BaseViewController.swift */ = {isa = PBXFileReference; lastKnownFileType = sourcecode.swift; path = BaseViewController.swift; sourceTree = "<group>"; };
		5CFF74002129A32300536C67 /* RoomDocument.swift */ = {isa = PBXFileReference; lastKnownFileType = sourcecode.swift; path = RoomDocument.swift; sourceTree = "<group>"; };
		6B90B2CA2120639400FE5581 /* PlayModel.swift */ = {isa = PBXFileReference; lastKnownFileType = sourcecode.swift; path = PlayModel.swift; sourceTree = "<group>"; };
		88AD7CBFD14337CB6BCC940C /* Pods-hotnono.debug.xcconfig */ = {isa = PBXFileReference; includeInIndex = 1; lastKnownFileType = text.xcconfig; name = "Pods-hotnono.debug.xcconfig"; path = "Pods/Target Support Files/Pods-hotnono/Pods-hotnono.debug.xcconfig"; sourceTree = "<group>"; };
		945FA798FF0D2E22F8413186 /* Pods_hotnono.framework */ = {isa = PBXFileReference; explicitFileType = wrapper.framework; includeInIndex = 0; path = Pods_hotnono.framework; sourceTree = BUILT_PRODUCTS_DIR; };
		A54A5480BA48EC306573B347 /* Pods-hotnonoUITests.debug.xcconfig */ = {isa = PBXFileReference; includeInIndex = 1; lastKnownFileType = text.xcconfig; name = "Pods-hotnonoUITests.debug.xcconfig"; path = "Pods/Target Support Files/Pods-hotnonoUITests/Pods-hotnonoUITests.debug.xcconfig"; sourceTree = "<group>"; };
		B278ACFBB9F69B09D943B752 /* Pods-hotnonoTests.debug.xcconfig */ = {isa = PBXFileReference; includeInIndex = 1; lastKnownFileType = text.xcconfig; name = "Pods-hotnonoTests.debug.xcconfig"; path = "Pods/Target Support Files/Pods-hotnonoTests/Pods-hotnonoTests.debug.xcconfig"; sourceTree = "<group>"; };
		B82E1DFB582DE6415C5324FC /* Pods-hotnonoTests.release.xcconfig */ = {isa = PBXFileReference; includeInIndex = 1; lastKnownFileType = text.xcconfig; name = "Pods-hotnonoTests.release.xcconfig"; path = "Pods/Target Support Files/Pods-hotnonoTests/Pods-hotnonoTests.release.xcconfig"; sourceTree = "<group>"; };
		C79921428874AF8839C5B4E4 /* Pods_hotnonoUITests.framework */ = {isa = PBXFileReference; explicitFileType = wrapper.framework; includeInIndex = 0; path = Pods_hotnonoUITests.framework; sourceTree = BUILT_PRODUCTS_DIR; };
		D38817FF4B137B16222F2967 /* Pods_hotnonoTests.framework */ = {isa = PBXFileReference; explicitFileType = wrapper.framework; includeInIndex = 0; path = Pods_hotnonoTests.framework; sourceTree = BUILT_PRODUCTS_DIR; };
		DF7F8FDA0E9B47E5D2A33AF7 /* Pods-hotnonoUITests.release.xcconfig */ = {isa = PBXFileReference; includeInIndex = 1; lastKnownFileType = text.xcconfig; name = "Pods-hotnonoUITests.release.xcconfig"; path = "Pods/Target Support Files/Pods-hotnonoUITests/Pods-hotnonoUITests.release.xcconfig"; sourceTree = "<group>"; };
		E551977B211D8AD0003774ED /* RoomMemberInfo.swift */ = {isa = PBXFileReference; lastKnownFileType = sourcecode.swift; path = RoomMemberInfo.swift; sourceTree = "<group>"; };
/* End PBXFileReference section */

/* Begin PBXFrameworksBuildPhase section */
		5C0758F421142DD7005F9143 /* Frameworks */ = {
			isa = PBXFrameworksBuildPhase;
			buildActionMask = 2147483647;
			files = (
				507AB5A3B89AE3D4E0C653AE /* Pods_hotnono.framework in Frameworks */,
			);
			runOnlyForDeploymentPostprocessing = 0;
		};
		5C07590821142DD8005F9143 /* Frameworks */ = {
			isa = PBXFrameworksBuildPhase;
			buildActionMask = 2147483647;
			files = (
				24922980F6916EFA0BCFAF4C /* Pods_hotnonoTests.framework in Frameworks */,
			);
			runOnlyForDeploymentPostprocessing = 0;
		};
		5C07591321142DD8005F9143 /* Frameworks */ = {
			isa = PBXFrameworksBuildPhase;
			buildActionMask = 2147483647;
			files = (
				E4C7745ACFEF5D79139AFE7D /* Pods_hotnonoUITests.framework in Frameworks */,
			);
			runOnlyForDeploymentPostprocessing = 0;
		};
/* End PBXFrameworksBuildPhase section */

/* Begin PBXGroup section */
		06572C386D4066EBA6826A0F /* Pods */ = {
			isa = PBXGroup;
			children = (
				88AD7CBFD14337CB6BCC940C /* Pods-hotnono.debug.xcconfig */,
				4C93444551DBB45D8498A06A /* Pods-hotnono.release.xcconfig */,
				B278ACFBB9F69B09D943B752 /* Pods-hotnonoTests.debug.xcconfig */,
				B82E1DFB582DE6415C5324FC /* Pods-hotnonoTests.release.xcconfig */,
				A54A5480BA48EC306573B347 /* Pods-hotnonoUITests.debug.xcconfig */,
				DF7F8FDA0E9B47E5D2A33AF7 /* Pods-hotnonoUITests.release.xcconfig */,
			);
			name = Pods;
			sourceTree = "<group>";
		};
		5C0758EE21142DD7005F9143 = {
			isa = PBXGroup;
			children = (
				5C0758F921142DD7005F9143 /* hotnono */,
				5C07590E21142DD8005F9143 /* hotnonoTests */,
				5C07591921142DD8005F9143 /* hotnonoUITests */,
				5C0758F821142DD7005F9143 /* Products */,
				06572C386D4066EBA6826A0F /* Pods */,
				EB0B404189A42EE7E4BD4B36 /* Frameworks */,
			);
			sourceTree = "<group>";
		};
		5C0758F821142DD7005F9143 /* Products */ = {
			isa = PBXGroup;
			children = (
				5C0758F721142DD7005F9143 /* hotnono.app */,
				5C07590B21142DD8005F9143 /* hotnonoTests.xctest */,
				5C07591621142DD8005F9143 /* hotnonoUITests.xctest */,
			);
			name = Products;
			sourceTree = "<group>";
		};
		5C0758F921142DD7005F9143 /* hotnono */ = {
			isa = PBXGroup;
			children = (
				E551977D211D8D10003774ED /* Model */,
				5CD039F2211C92F0004C91F8 /* Util */,
				5CD9A2DD21145D500044FA91 /* View */,
				5CD9A2BE211455970044FA91 /* Controller */,
				5CD9A2BB211453150044FA91 /* Firebase */,
				5C0758FA21142DD8005F9143 /* AppDelegate.swift */,
				5C0758FE21142DD8005F9143 /* Main.storyboard */,
				5C07590121142DD8005F9143 /* Assets.xcassets */,
				5C07590321142DD8005F9143 /* LaunchScreen.storyboard */,
				5C07590621142DD8005F9143 /* Info.plist */,
				5CDFE1DC2119A8A1002220E3 /* GoogleService-Info.plist */,
			);
			path = hotnono;
			sourceTree = "<group>";
		};
		5C07590E21142DD8005F9143 /* hotnonoTests */ = {
			isa = PBXGroup;
			children = (
				5C07590F21142DD8005F9143 /* hotnonoTests.swift */,
				5C07591121142DD8005F9143 /* Info.plist */,
			);
			path = hotnonoTests;
			sourceTree = "<group>";
		};
		5C07591921142DD8005F9143 /* hotnonoUITests */ = {
			isa = PBXGroup;
			children = (
				5C07591A21142DD8005F9143 /* hotnonoUITests.swift */,
				5C07591C21142DD8005F9143 /* Info.plist */,
			);
			path = hotnonoUITests;
			sourceTree = "<group>";
		};
		5CD039F2211C92F0004C91F8 /* Util */ = {
			isa = PBXGroup;
			children = (
				5CD039F3211C9309004C91F8 /* MaterialDesignUtil.swift */,
				5C6CE10B211D6CFC00AB03EC /* RxEvent.swift */,
			);
			path = Util;
			sourceTree = "<group>";
		};
		5CD9A2BB211453150044FA91 /* Firebase */ = {
			isa = PBXGroup;
			children = (
				5CD9A2D0211459D30044FA91 /* FBAuthenticationHelper.swift */,
				5CD9A2C22114593F0044FA91 /* FBAnalyticsHelper.swift */,
				5CD9A2C42114595A0044FA91 /* FBAdModHelper.swift */,
				5CD9A2C6211459790044FA91 /* FBMessagingHelper.swift */,
				5CD9A2C8211459850044FA91 /* FBDatabaseHelper.swift */,
				5CD9A2CA211459900044FA91 /* FBDynamicLinkHelper.swift */,
				5CD9A2CC2114599C0044FA91 /* FBCrashlyticsHelper.swift */,
				5CD9A2CE211459A70044FA91 /* FBRemoteConfigHelper.swift */,
				5CD9A2D2211459F20044FA91 /* FBStorageHelper.swift */,
				5CD9A2D4211459FE0044FA91 /* FBPerformanceHelper.swift */,
				5CD9A2D621145A0C0044FA91 /* FBFirestoreHelper.swift */,
				5CD9A2D821145A290044FA91 /* FBFunctionsHelper.swift */,
			);
			path = Firebase;
			sourceTree = "<group>";
		};
		5CD9A2BE211455970044FA91 /* Controller */ = {
			isa = PBXGroup;
			children = (
				5CF5589D211462D300DC196C /* BaseViewController.swift */,
				5C8680B4211C321A008CC1C2 /* SplashViewController.swift */,
				5C0758FC21142DD8005F9143 /* MainViewController.swift */,
				5CA15F89211B1B8E00911555 /* ReadyViewController.swift */,
				5C8680B2211BD104008CC1C2 /* PlayViewController.swift */,
			);
			path = Controller;
			sourceTree = "<group>";
		};
		5CD9A2DD21145D500044FA91 /* View */ = {
			isa = PBXGroup;
			children = (
				5CD9A2DE21145D600044FA91 /* CommonActionBar.swift */,
				5CD9A2E021145D7D0044FA91 /* CommonActionBar.xib */,
				5CA15F8D211BCD4300911555 /* PopupView.swift */,
				5CA15F8B211BCD2200911555 /* PopupView.xib */,
				5C6CE105211D673F00AB03EC /* PlayGroundView.swift */,
			);
			path = View;
			sourceTree = "<group>";
		};
		E551977D211D8D10003774ED /* Model */ = {
			isa = PBXGroup;
			children = (
				E551977B211D8AD0003774ED /* RoomMemberInfo.swift */,
				6B90B2CA2120639400FE5581 /* PlayModel.swift */,
				5CFF74002129A32300536C67 /* RoomDocument.swift */,
			);
			path = Model;
			sourceTree = "<group>";
		};
		EB0B404189A42EE7E4BD4B36 /* Frameworks */ = {
			isa = PBXGroup;
			children = (
				945FA798FF0D2E22F8413186 /* Pods_hotnono.framework */,
				D38817FF4B137B16222F2967 /* Pods_hotnonoTests.framework */,
				C79921428874AF8839C5B4E4 /* Pods_hotnonoUITests.framework */,
			);
			name = Frameworks;
			sourceTree = "<group>";
		};
/* End PBXGroup section */

/* Begin PBXNativeTarget section */
		5C0758F621142DD7005F9143 /* hotnono */ = {
			isa = PBXNativeTarget;
			buildConfigurationList = 5C07591F21142DD8005F9143 /* Build configuration list for PBXNativeTarget "hotnono" */;
			buildPhases = (
				4A679DAA356D5487E998E885 /* [CP] Check Pods Manifest.lock */,
				5C0758F321142DD7005F9143 /* Sources */,
				5C0758F421142DD7005F9143 /* Frameworks */,
				5C0758F521142DD7005F9143 /* Resources */,
				6EE09CE757DFAB109B143E44 /* [CP] Embed Pods Frameworks */,
				DC9F599C7E17985F36A697F4 /* [CP] Copy Pods Resources */,
			);
			buildRules = (
			);
			dependencies = (
			);
			name = hotnono;
			productName = hotnono;
			productReference = 5C0758F721142DD7005F9143 /* hotnono.app */;
			productType = "com.apple.product-type.application";
		};
		5C07590A21142DD8005F9143 /* hotnonoTests */ = {
			isa = PBXNativeTarget;
			buildConfigurationList = 5C07592221142DD8005F9143 /* Build configuration list for PBXNativeTarget "hotnonoTests" */;
			buildPhases = (
				AA9CD3CBA6C1E5EC1BEF1DDF /* [CP] Check Pods Manifest.lock */,
				5C07590721142DD8005F9143 /* Sources */,
				5C07590821142DD8005F9143 /* Frameworks */,
				5C07590921142DD8005F9143 /* Resources */,
			);
			buildRules = (
			);
			dependencies = (
				5C07590D21142DD8005F9143 /* PBXTargetDependency */,
			);
			name = hotnonoTests;
			productName = hotnonoTests;
			productReference = 5C07590B21142DD8005F9143 /* hotnonoTests.xctest */;
			productType = "com.apple.product-type.bundle.unit-test";
		};
		5C07591521142DD8005F9143 /* hotnonoUITests */ = {
			isa = PBXNativeTarget;
			buildConfigurationList = 5C07592521142DD8005F9143 /* Build configuration list for PBXNativeTarget "hotnonoUITests" */;
			buildPhases = (
				72F80B1B341B20B80DBF27B7 /* [CP] Check Pods Manifest.lock */,
				5C07591221142DD8005F9143 /* Sources */,
				5C07591321142DD8005F9143 /* Frameworks */,
				5C07591421142DD8005F9143 /* Resources */,
			);
			buildRules = (
			);
			dependencies = (
				5C07591821142DD8005F9143 /* PBXTargetDependency */,
			);
			name = hotnonoUITests;
			productName = hotnonoUITests;
			productReference = 5C07591621142DD8005F9143 /* hotnonoUITests.xctest */;
			productType = "com.apple.product-type.bundle.ui-testing";
		};
/* End PBXNativeTarget section */

/* Begin PBXProject section */
		5C0758EF21142DD7005F9143 /* Project object */ = {
			isa = PBXProject;
			attributes = {
				LastSwiftUpdateCheck = 0940;
				LastUpgradeCheck = 0940;
				ORGANIZATIONNAME = jungsangeun;
				TargetAttributes = {
					5C0758F621142DD7005F9143 = {
						CreatedOnToolsVersion = 9.4.1;
					};
					5C07590A21142DD8005F9143 = {
						CreatedOnToolsVersion = 9.4.1;
						TestTargetID = 5C0758F621142DD7005F9143;
					};
					5C07591521142DD8005F9143 = {
						CreatedOnToolsVersion = 9.4.1;
						TestTargetID = 5C0758F621142DD7005F9143;
					};
				};
			};
			buildConfigurationList = 5C0758F221142DD7005F9143 /* Build configuration list for PBXProject "hotnono" */;
			compatibilityVersion = "Xcode 9.3";
			developmentRegion = en;
			hasScannedForEncodings = 0;
			knownRegions = (
				en,
				Base,
			);
			mainGroup = 5C0758EE21142DD7005F9143;
			productRefGroup = 5C0758F821142DD7005F9143 /* Products */;
			projectDirPath = "";
			projectRoot = "";
			targets = (
				5C0758F621142DD7005F9143 /* hotnono */,
				5C07590A21142DD8005F9143 /* hotnonoTests */,
				5C07591521142DD8005F9143 /* hotnonoUITests */,
			);
		};
/* End PBXProject section */

/* Begin PBXResourcesBuildPhase section */
		5C0758F521142DD7005F9143 /* Resources */ = {
			isa = PBXResourcesBuildPhase;
			buildActionMask = 2147483647;
			files = (
				5C07590521142DD8005F9143 /* LaunchScreen.storyboard in Resources */,
				5C07590221142DD8005F9143 /* Assets.xcassets in Resources */,
				5CDFE1DD2119A8A2002220E3 /* GoogleService-Info.plist in Resources */,
				5CA15F8C211BCD2200911555 /* PopupView.xib in Resources */,
				5C07590021142DD8005F9143 /* Main.storyboard in Resources */,
				5CD9A2E121145D7D0044FA91 /* CommonActionBar.xib in Resources */,
			);
			runOnlyForDeploymentPostprocessing = 0;
		};
		5C07590921142DD8005F9143 /* Resources */ = {
			isa = PBXResourcesBuildPhase;
			buildActionMask = 2147483647;
			files = (
			);
			runOnlyForDeploymentPostprocessing = 0;
		};
		5C07591421142DD8005F9143 /* Resources */ = {
			isa = PBXResourcesBuildPhase;
			buildActionMask = 2147483647;
			files = (
			);
			runOnlyForDeploymentPostprocessing = 0;
		};
/* End PBXResourcesBuildPhase section */

/* Begin PBXShellScriptBuildPhase section */
		4A679DAA356D5487E998E885 /* [CP] Check Pods Manifest.lock */ = {
			isa = PBXShellScriptBuildPhase;
			buildActionMask = 2147483647;
			files = (
			);
			inputPaths = (
				"${PODS_PODFILE_DIR_PATH}/Podfile.lock",
				"${PODS_ROOT}/Manifest.lock",
			);
			name = "[CP] Check Pods Manifest.lock";
			outputPaths = (
				"$(DERIVED_FILE_DIR)/Pods-hotnono-checkManifestLockResult.txt",
			);
			runOnlyForDeploymentPostprocessing = 0;
			shellPath = /bin/sh;
			shellScript = "diff \"${PODS_PODFILE_DIR_PATH}/Podfile.lock\" \"${PODS_ROOT}/Manifest.lock\" > /dev/null\nif [ $? != 0 ] ; then\n    # print error to STDERR\n    echo \"error: The sandbox is not in sync with the Podfile.lock. Run 'pod install' or update your CocoaPods installation.\" >&2\n    exit 1\nfi\n# This output is used by Xcode 'outputs' to avoid re-running this script phase.\necho \"SUCCESS\" > \"${SCRIPT_OUTPUT_FILE_0}\"\n";
			showEnvVarsInLog = 0;
		};
		6EE09CE757DFAB109B143E44 /* [CP] Embed Pods Frameworks */ = {
			isa = PBXShellScriptBuildPhase;
			buildActionMask = 2147483647;
			files = (
			);
			inputPaths = (
				"${SRCROOT}/Pods/Target Support Files/Pods-hotnono/Pods-hotnono-frameworks.sh",
				"${BUILT_PRODUCTS_DIR}/BoringSSL/openssl.framework",
				"${BUILT_PRODUCTS_DIR}/GTMOAuth2/GTMOAuth2.framework",
				"${BUILT_PRODUCTS_DIR}/GTMSessionFetcher/GTMSessionFetcher.framework",
				"${BUILT_PRODUCTS_DIR}/GoogleToolboxForMac/GoogleToolboxForMac.framework",
				"${BUILT_PRODUCTS_DIR}/MDFInternationalization/MDFInternationalization.framework",
				"${BUILT_PRODUCTS_DIR}/MDFTextAccessibility/MDFTextAccessibility.framework",
				"${BUILT_PRODUCTS_DIR}/MaterialComponents/MaterialComponents.framework",
				"${BUILT_PRODUCTS_DIR}/Protobuf/Protobuf.framework",
				"${BUILT_PRODUCTS_DIR}/RxCocoa/RxCocoa.framework",
				"${BUILT_PRODUCTS_DIR}/RxSwift/RxSwift.framework",
				"${BUILT_PRODUCTS_DIR}/gRPC/GRPCClient.framework",
				"${BUILT_PRODUCTS_DIR}/gRPC-Core/grpc.framework",
				"${BUILT_PRODUCTS_DIR}/gRPC-ProtoRPC/ProtoRPC.framework",
				"${BUILT_PRODUCTS_DIR}/gRPC-RxLibrary/RxLibrary.framework",
				"${BUILT_PRODUCTS_DIR}/leveldb-library/leveldb.framework",
				"${BUILT_PRODUCTS_DIR}/nanopb/nanopb.framework",
			);
			name = "[CP] Embed Pods Frameworks";
			outputPaths = (
				"${TARGET_BUILD_DIR}/${FRAMEWORKS_FOLDER_PATH}/openssl.framework",
				"${TARGET_BUILD_DIR}/${FRAMEWORKS_FOLDER_PATH}/GTMOAuth2.framework",
				"${TARGET_BUILD_DIR}/${FRAMEWORKS_FOLDER_PATH}/GTMSessionFetcher.framework",
				"${TARGET_BUILD_DIR}/${FRAMEWORKS_FOLDER_PATH}/GoogleToolboxForMac.framework",
				"${TARGET_BUILD_DIR}/${FRAMEWORKS_FOLDER_PATH}/MDFInternationalization.framework",
				"${TARGET_BUILD_DIR}/${FRAMEWORKS_FOLDER_PATH}/MDFTextAccessibility.framework",
				"${TARGET_BUILD_DIR}/${FRAMEWORKS_FOLDER_PATH}/MaterialComponents.framework",
				"${TARGET_BUILD_DIR}/${FRAMEWORKS_FOLDER_PATH}/Protobuf.framework",
				"${TARGET_BUILD_DIR}/${FRAMEWORKS_FOLDER_PATH}/RxCocoa.framework",
				"${TARGET_BUILD_DIR}/${FRAMEWORKS_FOLDER_PATH}/RxSwift.framework",
				"${TARGET_BUILD_DIR}/${FRAMEWORKS_FOLDER_PATH}/GRPCClient.framework",
				"${TARGET_BUILD_DIR}/${FRAMEWORKS_FOLDER_PATH}/grpc.framework",
				"${TARGET_BUILD_DIR}/${FRAMEWORKS_FOLDER_PATH}/ProtoRPC.framework",
				"${TARGET_BUILD_DIR}/${FRAMEWORKS_FOLDER_PATH}/RxLibrary.framework",
				"${TARGET_BUILD_DIR}/${FRAMEWORKS_FOLDER_PATH}/leveldb.framework",
				"${TARGET_BUILD_DIR}/${FRAMEWORKS_FOLDER_PATH}/nanopb.framework",
			);
			runOnlyForDeploymentPostprocessing = 0;
			shellPath = /bin/sh;
			shellScript = "\"${SRCROOT}/Pods/Target Support Files/Pods-hotnono/Pods-hotnono-frameworks.sh\"\n";
			showEnvVarsInLog = 0;
		};
		72F80B1B341B20B80DBF27B7 /* [CP] Check Pods Manifest.lock */ = {
			isa = PBXShellScriptBuildPhase;
			buildActionMask = 2147483647;
			files = (
			);
			inputPaths = (
				"${PODS_PODFILE_DIR_PATH}/Podfile.lock",
				"${PODS_ROOT}/Manifest.lock",
			);
			name = "[CP] Check Pods Manifest.lock";
			outputPaths = (
				"$(DERIVED_FILE_DIR)/Pods-hotnonoUITests-checkManifestLockResult.txt",
			);
			runOnlyForDeploymentPostprocessing = 0;
			shellPath = /bin/sh;
			shellScript = "diff \"${PODS_PODFILE_DIR_PATH}/Podfile.lock\" \"${PODS_ROOT}/Manifest.lock\" > /dev/null\nif [ $? != 0 ] ; then\n    # print error to STDERR\n    echo \"error: The sandbox is not in sync with the Podfile.lock. Run 'pod install' or update your CocoaPods installation.\" >&2\n    exit 1\nfi\n# This output is used by Xcode 'outputs' to avoid re-running this script phase.\necho \"SUCCESS\" > \"${SCRIPT_OUTPUT_FILE_0}\"\n";
			showEnvVarsInLog = 0;
		};
		AA9CD3CBA6C1E5EC1BEF1DDF /* [CP] Check Pods Manifest.lock */ = {
			isa = PBXShellScriptBuildPhase;
			buildActionMask = 2147483647;
			files = (
			);
			inputPaths = (
				"${PODS_PODFILE_DIR_PATH}/Podfile.lock",
				"${PODS_ROOT}/Manifest.lock",
			);
			name = "[CP] Check Pods Manifest.lock";
			outputPaths = (
				"$(DERIVED_FILE_DIR)/Pods-hotnonoTests-checkManifestLockResult.txt",
			);
			runOnlyForDeploymentPostprocessing = 0;
			shellPath = /bin/sh;
			shellScript = "diff \"${PODS_PODFILE_DIR_PATH}/Podfile.lock\" \"${PODS_ROOT}/Manifest.lock\" > /dev/null\nif [ $? != 0 ] ; then\n    # print error to STDERR\n    echo \"error: The sandbox is not in sync with the Podfile.lock. Run 'pod install' or update your CocoaPods installation.\" >&2\n    exit 1\nfi\n# This output is used by Xcode 'outputs' to avoid re-running this script phase.\necho \"SUCCESS\" > \"${SCRIPT_OUTPUT_FILE_0}\"\n";
			showEnvVarsInLog = 0;
		};
		DC9F599C7E17985F36A697F4 /* [CP] Copy Pods Resources */ = {
			isa = PBXShellScriptBuildPhase;
			buildActionMask = 2147483647;
			files = (
			);
			inputPaths = (
				"${SRCROOT}/Pods/Target Support Files/Pods-hotnono/Pods-hotnono-resources.sh",
				"${PODS_ROOT}/GoogleSignIn/Resources/GoogleSignIn.bundle",
			);
			name = "[CP] Copy Pods Resources";
			outputPaths = (
				"${TARGET_BUILD_DIR}/${UNLOCALIZED_RESOURCES_FOLDER_PATH}/GoogleSignIn.bundle",
			);
			runOnlyForDeploymentPostprocessing = 0;
			shellPath = /bin/sh;
			shellScript = "\"${SRCROOT}/Pods/Target Support Files/Pods-hotnono/Pods-hotnono-resources.sh\"\n";
			showEnvVarsInLog = 0;
		};
/* End PBXShellScriptBuildPhase section */

/* Begin PBXSourcesBuildPhase section */
		5C0758F321142DD7005F9143 /* Sources */ = {
			isa = PBXSourcesBuildPhase;
			buildActionMask = 2147483647;
			files = (
				5C0758FD21142DD8005F9143 /* MainViewController.swift in Sources */,
				5CD9A2CB211459900044FA91 /* FBDynamicLinkHelper.swift in Sources */,
				5CD9A2D5211459FE0044FA91 /* FBPerformanceHelper.swift in Sources */,
				5CD9A2D3211459F20044FA91 /* FBStorageHelper.swift in Sources */,
				5C0758FB21142DD8005F9143 /* AppDelegate.swift in Sources */,
				5CD9A2C32114593F0044FA91 /* FBAnalyticsHelper.swift in Sources */,
				5CF5589E211462D300DC196C /* BaseViewController.swift in Sources */,
				6B90B2CB2120639400FE5581 /* PlayModel.swift in Sources */,
				5C6CE106211D673F00AB03EC /* PlayGroundView.swift in Sources */,
				5CFF74012129A32300536C67 /* RoomDocument.swift in Sources */,
				5CD9A2C52114595A0044FA91 /* FBAdModHelper.swift in Sources */,
				E551977C211D8AD0003774ED /* RoomMemberInfo.swift in Sources */,
				5C8680B3211BD104008CC1C2 /* PlayViewController.swift in Sources */,
				5CD9A2CD2114599C0044FA91 /* FBCrashlyticsHelper.swift in Sources */,
				5CD039F4211C9309004C91F8 /* MaterialDesignUtil.swift in Sources */,
				5C6CE10C211D6CFC00AB03EC /* RxEvent.swift in Sources */,
				5CA15F8E211BCD4300911555 /* PopupView.swift in Sources */,
				5CD9A2D721145A0C0044FA91 /* FBFirestoreHelper.swift in Sources */,
				5CD9A2C9211459850044FA91 /* FBDatabaseHelper.swift in Sources */,
				5CD9A2C7211459790044FA91 /* FBMessagingHelper.swift in Sources */,
				5CA15F8A211B1B8E00911555 /* ReadyViewController.swift in Sources */,
				5CD9A2DF21145D600044FA91 /* CommonActionBar.swift in Sources */,
				5CD9A2D921145A290044FA91 /* FBFunctionsHelper.swift in Sources */,
				5CD9A2CF211459A70044FA91 /* FBRemoteConfigHelper.swift in Sources */,
				5CD9A2D1211459D30044FA91 /* FBAuthenticationHelper.swift in Sources */,
				5C8680B5211C321A008CC1C2 /* SplashViewController.swift in Sources */,
			);
			runOnlyForDeploymentPostprocessing = 0;
		};
		5C07590721142DD8005F9143 /* Sources */ = {
			isa = PBXSourcesBuildPhase;
			buildActionMask = 2147483647;
			files = (
				5C07591021142DD8005F9143 /* hotnonoTests.swift in Sources */,
			);
			runOnlyForDeploymentPostprocessing = 0;
		};
		5C07591221142DD8005F9143 /* Sources */ = {
			isa = PBXSourcesBuildPhase;
			buildActionMask = 2147483647;
			files = (
				5C07591B21142DD8005F9143 /* hotnonoUITests.swift in Sources */,
			);
			runOnlyForDeploymentPostprocessing = 0;
		};
/* End PBXSourcesBuildPhase section */

/* Begin PBXTargetDependency section */
		5C07590D21142DD8005F9143 /* PBXTargetDependency */ = {
			isa = PBXTargetDependency;
			target = 5C0758F621142DD7005F9143 /* hotnono */;
			targetProxy = 5C07590C21142DD8005F9143 /* PBXContainerItemProxy */;
		};
		5C07591821142DD8005F9143 /* PBXTargetDependency */ = {
			isa = PBXTargetDependency;
			target = 5C0758F621142DD7005F9143 /* hotnono */;
			targetProxy = 5C07591721142DD8005F9143 /* PBXContainerItemProxy */;
		};
/* End PBXTargetDependency section */

/* Begin PBXVariantGroup section */
		5C0758FE21142DD8005F9143 /* Main.storyboard */ = {
			isa = PBXVariantGroup;
			children = (
				5C0758FF21142DD8005F9143 /* Base */,
			);
			name = Main.storyboard;
			sourceTree = "<group>";
		};
		5C07590321142DD8005F9143 /* LaunchScreen.storyboard */ = {
			isa = PBXVariantGroup;
			children = (
				5C07590421142DD8005F9143 /* Base */,
			);
			name = LaunchScreen.storyboard;
			sourceTree = "<group>";
		};
/* End PBXVariantGroup section */

/* Begin XCBuildConfiguration section */
		5C07591D21142DD8005F9143 /* Debug */ = {
			isa = XCBuildConfiguration;
			buildSettings = {
				ALWAYS_SEARCH_USER_PATHS = NO;
				CLANG_ANALYZER_NONNULL = YES;
				CLANG_ANALYZER_NUMBER_OBJECT_CONVERSION = YES_AGGRESSIVE;
				CLANG_CXX_LANGUAGE_STANDARD = "gnu++14";
				CLANG_CXX_LIBRARY = "libc++";
				CLANG_ENABLE_MODULES = YES;
				CLANG_ENABLE_OBJC_ARC = YES;
				CLANG_ENABLE_OBJC_WEAK = YES;
				CLANG_WARN_BLOCK_CAPTURE_AUTORELEASING = YES;
				CLANG_WARN_BOOL_CONVERSION = YES;
				CLANG_WARN_COMMA = YES;
				CLANG_WARN_CONSTANT_CONVERSION = YES;
				CLANG_WARN_DEPRECATED_OBJC_IMPLEMENTATIONS = YES;
				CLANG_WARN_DIRECT_OBJC_ISA_USAGE = YES_ERROR;
				CLANG_WARN_DOCUMENTATION_COMMENTS = YES;
				CLANG_WARN_EMPTY_BODY = YES;
				CLANG_WARN_ENUM_CONVERSION = YES;
				CLANG_WARN_INFINITE_RECURSION = YES;
				CLANG_WARN_INT_CONVERSION = YES;
				CLANG_WARN_NON_LITERAL_NULL_CONVERSION = YES;
				CLANG_WARN_OBJC_IMPLICIT_RETAIN_SELF = YES;
				CLANG_WARN_OBJC_LITERAL_CONVERSION = YES;
				CLANG_WARN_OBJC_ROOT_CLASS = YES_ERROR;
				CLANG_WARN_RANGE_LOOP_ANALYSIS = YES;
				CLANG_WARN_STRICT_PROTOTYPES = YES;
				CLANG_WARN_SUSPICIOUS_MOVE = YES;
				CLANG_WARN_UNGUARDED_AVAILABILITY = YES_AGGRESSIVE;
				CLANG_WARN_UNREACHABLE_CODE = YES;
				CLANG_WARN__DUPLICATE_METHOD_MATCH = YES;
				CODE_SIGN_IDENTITY = "iPhone Developer";
				COPY_PHASE_STRIP = NO;
				DEBUG_INFORMATION_FORMAT = dwarf;
				ENABLE_STRICT_OBJC_MSGSEND = YES;
				ENABLE_TESTABILITY = YES;
				GCC_C_LANGUAGE_STANDARD = gnu11;
				GCC_DYNAMIC_NO_PIC = NO;
				GCC_NO_COMMON_BLOCKS = YES;
				GCC_OPTIMIZATION_LEVEL = 0;
				GCC_PREPROCESSOR_DEFINITIONS = (
					"DEBUG=1",
					"$(inherited)",
				);
				GCC_WARN_64_TO_32_BIT_CONVERSION = YES;
				GCC_WARN_ABOUT_RETURN_TYPE = YES_ERROR;
				GCC_WARN_UNDECLARED_SELECTOR = YES;
				GCC_WARN_UNINITIALIZED_AUTOS = YES_AGGRESSIVE;
				GCC_WARN_UNUSED_FUNCTION = YES;
				GCC_WARN_UNUSED_VARIABLE = YES;
				IPHONEOS_DEPLOYMENT_TARGET = 10.0;
				MTL_ENABLE_DEBUG_INFO = YES;
				ONLY_ACTIVE_ARCH = YES;
				SDKROOT = iphoneos;
				SWIFT_ACTIVE_COMPILATION_CONDITIONS = DEBUG;
				SWIFT_OPTIMIZATION_LEVEL = "-Onone";
			};
			name = Debug;
		};
		5C07591E21142DD8005F9143 /* Release */ = {
			isa = XCBuildConfiguration;
			buildSettings = {
				ALWAYS_SEARCH_USER_PATHS = NO;
				CLANG_ANALYZER_NONNULL = YES;
				CLANG_ANALYZER_NUMBER_OBJECT_CONVERSION = YES_AGGRESSIVE;
				CLANG_CXX_LANGUAGE_STANDARD = "gnu++14";
				CLANG_CXX_LIBRARY = "libc++";
				CLANG_ENABLE_MODULES = YES;
				CLANG_ENABLE_OBJC_ARC = YES;
				CLANG_ENABLE_OBJC_WEAK = YES;
				CLANG_WARN_BLOCK_CAPTURE_AUTORELEASING = YES;
				CLANG_WARN_BOOL_CONVERSION = YES;
				CLANG_WARN_COMMA = YES;
				CLANG_WARN_CONSTANT_CONVERSION = YES;
				CLANG_WARN_DEPRECATED_OBJC_IMPLEMENTATIONS = YES;
				CLANG_WARN_DIRECT_OBJC_ISA_USAGE = YES_ERROR;
				CLANG_WARN_DOCUMENTATION_COMMENTS = YES;
				CLANG_WARN_EMPTY_BODY = YES;
				CLANG_WARN_ENUM_CONVERSION = YES;
				CLANG_WARN_INFINITE_RECURSION = YES;
				CLANG_WARN_INT_CONVERSION = YES;
				CLANG_WARN_NON_LITERAL_NULL_CONVERSION = YES;
				CLANG_WARN_OBJC_IMPLICIT_RETAIN_SELF = YES;
				CLANG_WARN_OBJC_LITERAL_CONVERSION = YES;
				CLANG_WARN_OBJC_ROOT_CLASS = YES_ERROR;
				CLANG_WARN_RANGE_LOOP_ANALYSIS = YES;
				CLANG_WARN_STRICT_PROTOTYPES = YES;
				CLANG_WARN_SUSPICIOUS_MOVE = YES;
				CLANG_WARN_UNGUARDED_AVAILABILITY = YES_AGGRESSIVE;
				CLANG_WARN_UNREACHABLE_CODE = YES;
				CLANG_WARN__DUPLICATE_METHOD_MATCH = YES;
				CODE_SIGN_IDENTITY = "iPhone Developer";
				COPY_PHASE_STRIP = NO;
				DEBUG_INFORMATION_FORMAT = "dwarf-with-dsym";
				ENABLE_NS_ASSERTIONS = NO;
				ENABLE_STRICT_OBJC_MSGSEND = YES;
				GCC_C_LANGUAGE_STANDARD = gnu11;
				GCC_NO_COMMON_BLOCKS = YES;
				GCC_WARN_64_TO_32_BIT_CONVERSION = YES;
				GCC_WARN_ABOUT_RETURN_TYPE = YES_ERROR;
				GCC_WARN_UNDECLARED_SELECTOR = YES;
				GCC_WARN_UNINITIALIZED_AUTOS = YES_AGGRESSIVE;
				GCC_WARN_UNUSED_FUNCTION = YES;
				GCC_WARN_UNUSED_VARIABLE = YES;
				IPHONEOS_DEPLOYMENT_TARGET = 10.0;
				MTL_ENABLE_DEBUG_INFO = NO;
				SDKROOT = iphoneos;
				SWIFT_COMPILATION_MODE = wholemodule;
				SWIFT_OPTIMIZATION_LEVEL = "-O";
				VALIDATE_PRODUCT = YES;
			};
			name = Release;
		};
		5C07592021142DD8005F9143 /* Debug */ = {
			isa = XCBuildConfiguration;
			baseConfigurationReference = 88AD7CBFD14337CB6BCC940C /* Pods-hotnono.debug.xcconfig */;
			buildSettings = {
				ASSETCATALOG_COMPILER_APPICON_NAME = AppIcon;
				CODE_SIGN_STYLE = Automatic;
				DEVELOPMENT_TEAM = 7E6Z893Q6L;
				INFOPLIST_FILE = hotnono/Info.plist;
				LD_RUNPATH_SEARCH_PATHS = (
					"$(inherited)",
					"@executable_path/Frameworks",
				);
				PRODUCT_BUNDLE_IDENTIFIER = com.nbt.hotnono;
				PRODUCT_NAME = "$(TARGET_NAME)";
				SWIFT_VERSION = 4.0;
				TARGETED_DEVICE_FAMILY = "1,2";
			};
			name = Debug;
		};
		5C07592121142DD8005F9143 /* Release */ = {
			isa = XCBuildConfiguration;
			baseConfigurationReference = 4C93444551DBB45D8498A06A /* Pods-hotnono.release.xcconfig */;
			buildSettings = {
				ASSETCATALOG_COMPILER_APPICON_NAME = AppIcon;
				CODE_SIGN_STYLE = Automatic;
				DEVELOPMENT_TEAM = 7E6Z893Q6L;
				INFOPLIST_FILE = hotnono/Info.plist;
				LD_RUNPATH_SEARCH_PATHS = (
					"$(inherited)",
					"@executable_path/Frameworks",
				);
				PRODUCT_BUNDLE_IDENTIFIER = com.nbt.hotnono;
				PRODUCT_NAME = "$(TARGET_NAME)";
				SWIFT_VERSION = 4.0;
				TARGETED_DEVICE_FAMILY = "1,2";
			};
			name = Release;
		};
		5C07592321142DD8005F9143 /* Debug */ = {
			isa = XCBuildConfiguration;
			baseConfigurationReference = B278ACFBB9F69B09D943B752 /* Pods-hotnonoTests.debug.xcconfig */;
			buildSettings = {
				ALWAYS_EMBED_SWIFT_STANDARD_LIBRARIES = YES;
				BUNDLE_LOADER = "$(TEST_HOST)";
				CODE_SIGN_STYLE = Automatic;
				DEVELOPMENT_TEAM = K8C4375VVZ;
				INFOPLIST_FILE = hotnonoTests/Info.plist;
				LD_RUNPATH_SEARCH_PATHS = (
					"$(inherited)",
					"@executable_path/Frameworks",
					"@loader_path/Frameworks",
				);
				PRODUCT_BUNDLE_IDENTIFIER = com.nbt.hotnonoTests;
				PRODUCT_NAME = "$(TARGET_NAME)";
				SWIFT_VERSION = 4.0;
				TARGETED_DEVICE_FAMILY = "1,2";
				TEST_HOST = "$(BUILT_PRODUCTS_DIR)/hotnono.app/hotnono";
			};
			name = Debug;
		};
		5C07592421142DD8005F9143 /* Release */ = {
			isa = XCBuildConfiguration;
			baseConfigurationReference = B82E1DFB582DE6415C5324FC /* Pods-hotnonoTests.release.xcconfig */;
			buildSettings = {
				ALWAYS_EMBED_SWIFT_STANDARD_LIBRARIES = YES;
				BUNDLE_LOADER = "$(TEST_HOST)";
				CODE_SIGN_STYLE = Automatic;
				DEVELOPMENT_TEAM = K8C4375VVZ;
				INFOPLIST_FILE = hotnonoTests/Info.plist;
				LD_RUNPATH_SEARCH_PATHS = (
					"$(inherited)",
					"@executable_path/Frameworks",
					"@loader_path/Frameworks",
				);
				PRODUCT_BUNDLE_IDENTIFIER = com.nbt.hotnonoTests;
				PRODUCT_NAME = "$(TARGET_NAME)";
				SWIFT_VERSION = 4.0;
				TARGETED_DEVICE_FAMILY = "1,2";
				TEST_HOST = "$(BUILT_PRODUCTS_DIR)/hotnono.app/hotnono";
			};
			name = Release;
		};
		5C07592621142DD8005F9143 /* Debug */ = {
			isa = XCBuildConfiguration;
			baseConfigurationReference = A54A5480BA48EC306573B347 /* Pods-hotnonoUITests.debug.xcconfig */;
			buildSettings = {
				ALWAYS_EMBED_SWIFT_STANDARD_LIBRARIES = YES;
				CODE_SIGN_STYLE = Automatic;
				DEVELOPMENT_TEAM = K8C4375VVZ;
				INFOPLIST_FILE = hotnonoUITests/Info.plist;
				LD_RUNPATH_SEARCH_PATHS = (
					"$(inherited)",
					"@executable_path/Frameworks",
					"@loader_path/Frameworks",
				);
				PRODUCT_BUNDLE_IDENTIFIER = com.nbt.hotnonoUITests;
				PRODUCT_NAME = "$(TARGET_NAME)";
				SWIFT_VERSION = 4.0;
				TARGETED_DEVICE_FAMILY = "1,2";
				TEST_TARGET_NAME = hotnono;
			};
			name = Debug;
		};
		5C07592721142DD8005F9143 /* Release */ = {
			isa = XCBuildConfiguration;
			baseConfigurationReference = DF7F8FDA0E9B47E5D2A33AF7 /* Pods-hotnonoUITests.release.xcconfig */;
			buildSettings = {
				ALWAYS_EMBED_SWIFT_STANDARD_LIBRARIES = YES;
				CODE_SIGN_STYLE = Automatic;
				DEVELOPMENT_TEAM = K8C4375VVZ;
				INFOPLIST_FILE = hotnonoUITests/Info.plist;
				LD_RUNPATH_SEARCH_PATHS = (
					"$(inherited)",
					"@executable_path/Frameworks",
					"@loader_path/Frameworks",
				);
				PRODUCT_BUNDLE_IDENTIFIER = com.nbt.hotnonoUITests;
				PRODUCT_NAME = "$(TARGET_NAME)";
				SWIFT_VERSION = 4.0;
				TARGETED_DEVICE_FAMILY = "1,2";
				TEST_TARGET_NAME = hotnono;
			};
			name = Release;
		};
/* End XCBuildConfiguration section */

/* Begin XCConfigurationList section */
		5C0758F221142DD7005F9143 /* Build configuration list for PBXProject "hotnono" */ = {
			isa = XCConfigurationList;
			buildConfigurations = (
				5C07591D21142DD8005F9143 /* Debug */,
				5C07591E21142DD8005F9143 /* Release */,
			);
			defaultConfigurationIsVisible = 0;
			defaultConfigurationName = Release;
		};
		5C07591F21142DD8005F9143 /* Build configuration list for PBXNativeTarget "hotnono" */ = {
			isa = XCConfigurationList;
			buildConfigurations = (
				5C07592021142DD8005F9143 /* Debug */,
				5C07592121142DD8005F9143 /* Release */,
			);
			defaultConfigurationIsVisible = 0;
			defaultConfigurationName = Release;
		};
		5C07592221142DD8005F9143 /* Build configuration list for PBXNativeTarget "hotnonoTests" */ = {
			isa = XCConfigurationList;
			buildConfigurations = (
				5C07592321142DD8005F9143 /* Debug */,
				5C07592421142DD8005F9143 /* Release */,
			);
			defaultConfigurationIsVisible = 0;
			defaultConfigurationName = Release;
		};
		5C07592521142DD8005F9143 /* Build configuration list for PBXNativeTarget "hotnonoUITests" */ = {
			isa = XCConfigurationList;
			buildConfigurations = (
				5C07592621142DD8005F9143 /* Debug */,
				5C07592721142DD8005F9143 /* Release */,
			);
			defaultConfigurationIsVisible = 0;
			defaultConfigurationName = Release;
		};
/* End XCConfigurationList section */
	};
	rootObject = 5C0758EF21142DD7005F9143 /* Project object */;
}
